
Microsoft Visual Studio Solution File, Format Version 12.00
# Visual Studio 15
VisualStudioVersion = 15.0.27703.2047
MinimumVisualStudioVersion = 10.0.40219.1
Project("{9A19103F-16F7-4668-BE54-9A1E7A4F7556}") = "ChessClockApp", "ChessClockApp\ChessClockApp.csproj", "{9DB9263D-933D-42EB-BA6A-186273A7E622}"
EndProject
Project("{FAE04EC0-301F-11D3-BF4B-00C04F79EFBC}") = "ChessClockApp.Tests", "ChessClockApp.Tests\ChessClockApp.Tests.csproj", "{D245BEBC-3736-420D-83DF-F29DE99F04BF}"
EndProject
Project("{FAE04EC0-301F-11D3-BF4B-00C04F79EFBC}") = "ChessClockApp.Droid", "ChessClockApp.Droid\ChessClockApp.Droid.csproj", "{18A9E54F-1AE4-4C1D-B938-89ABE9B6A712}"
EndProject
Global
	GlobalSection(SolutionConfigurationPlatforms) = preSolution
		Debug|Any CPU = Debug|Any CPU
		Release|Any CPU = Release|Any CPU
	EndGlobalSection
	GlobalSection(ProjectConfigurationPlatforms) = postSolution
		{9DB9263D-933D-42EB-BA6A-186273A7E622}.Debug|Any CPU.ActiveCfg = Debug|Any CPU
		{9DB9263D-933D-42EB-BA6A-186273A7E622}.Debug|Any CPU.Build.0 = Debug|Any CPU
		{9DB9263D-933D-42EB-BA6A-186273A7E622}.Release|Any CPU.ActiveCfg = Release|Any CPU
		{9DB9263D-933D-42EB-BA6A-186273A7E622}.Release|Any CPU.Build.0 = Release|Any CPU
		{D245BEBC-3736-420D-83DF-F29DE99F04BF}.Debug|Any CPU.ActiveCfg = Debug|Any CPU
		{D245BEBC-3736-420D-83DF-F29DE99F04BF}.Debug|Any CPU.Build.0 = Debug|Any CPU
		{D245BEBC-3736-420D-83DF-F29DE99F04BF}.Release|Any CPU.ActiveCfg = Release|Any CPU
		{D245BEBC-3736-420D-83DF-F29DE99F04BF}.Release|Any CPU.Build.0 = Release|Any CPU
		{18A9E54F-1AE4-4C1D-B938-89ABE9B6A712}.Debug|Any CPU.ActiveCfg = Debug|Any CPU
		{18A9E54F-1AE4-4C1D-B938-89ABE9B6A712}.Debug|Any CPU.Build.0 = Debug|Any CPU
		{18A9E54F-1AE4-4C1D-B938-89ABE9B6A712}.Debug|Any CPU.Deploy.0 = Debug|Any CPU
		{18A9E54F-1AE4-4C1D-B938-89ABE9B6A712}.Release|Any CPU.ActiveCfg = Release|Any CPU
		{18A9E54F-1AE4-4C1D-B938-89ABE9B6A712}.Release|Any CPU.Build.0 = Release|Any CPU
		{18A9E54F-1AE4-4C1D-B938-89ABE9B6A712}.Release|Any CPU.Deploy.0 = Release|Any CPU
	EndGlobalSection
	GlobalSection(SolutionProperties) = preSolution
		HideSolutionNode = FALSE
	EndGlobalSection
	GlobalSection(ExtensibilityGlobals) = postSolution
		SolutionGuid = {2D3FA177-AEEF-493B-BEBC-7D79E16AAC9F}
	EndGlobalSection
EndGlobal
