
Microsoft Visual Studio Solution File, Format Version 12.00
# Visual Studio 15
VisualStudioVersion = 15.0.28010.2003
MinimumVisualStudioVersion = 10.0.40219.1
Project("{FAE04EC0-301F-11D3-BF4B-00C04F79EFBC}") = "ChessClock.Android", "ChessClock\ChessClock.Android\ChessClock.Android.csproj", "{6FA9EA9D-F923-4530-BB96-52C1D0B9F090}"
EndProject
Project("{FAE04EC0-301F-11D3-BF4B-00C04F79EFBC}") = "ChessClock", "ChessClock\ChessClock\ChessClock.csproj", "{9C528016-5F78-48DB-A923-B8B43E5EBF6C}"
EndProject
Global
	GlobalSection(SolutionConfigurationPlatforms) = preSolution
		Debug|Any CPU = Debug|Any CPU
		Release|Any CPU = Release|Any CPU
	EndGlobalSection
	GlobalSection(ProjectConfigurationPlatforms) = postSolution
		{6FA9EA9D-F923-4530-BB96-52C1D0B9F090}.Debug|Any CPU.ActiveCfg = Debug|Any CPU
		{6FA9EA9D-F923-4530-BB96-52C1D0B9F090}.Debug|Any CPU.Build.0 = Debug|Any CPU
		{6FA9EA9D-F923-4530-BB96-52C1D0B9F090}.Debug|Any CPU.Deploy.0 = Debug|Any CPU
		{6FA9EA9D-F923-4530-BB96-52C1D0B9F090}.Release|Any CPU.ActiveCfg = Release|Any CPU
		{6FA9EA9D-F923-4530-BB96-52C1D0B9F090}.Release|Any CPU.Build.0 = Release|Any CPU
		{6FA9EA9D-F923-4530-BB96-52C1D0B9F090}.Release|Any CPU.Deploy.0 = Release|Any CPU
		{9C528016-5F78-48DB-A923-B8B43E5EBF6C}.Debug|Any CPU.ActiveCfg = Debug|Any CPU
		{9C528016-5F78-48DB-A923-B8B43E5EBF6C}.Debug|Any CPU.Build.0 = Debug|Any CPU
		{9C528016-5F78-48DB-A923-B8B43E5EBF6C}.Debug|Any CPU.Deploy.0 = Debug|Any CPU
		{9C528016-5F78-48DB-A923-B8B43E5EBF6C}.Release|Any CPU.ActiveCfg = Release|Any CPU
		{9C528016-5F78-48DB-A923-B8B43E5EBF6C}.Release|Any CPU.Build.0 = Release|Any CPU
		{9C528016-5F78-48DB-A923-B8B43E5EBF6C}.Release|Any CPU.Deploy.0 = Release|Any CPU
	EndGlobalSection
	GlobalSection(SolutionProperties) = preSolution
		HideSolutionNode = FALSE
	EndGlobalSection
	GlobalSection(ExtensibilityGlobals) = postSolution
		SolutionGuid = {A30B8928-E880-4071-80A9-A36B889F4774}
	EndGlobalSection
EndGlobal
